// !$*UTF8*$!
{
	archiveVersion = 1;
	classes = {
	};
	objectVersion = 50;
	objects = {

/* Begin PBXBuildFile section */
		512735B72564B8520002F5E4 /* AppDelegate.swift in Sources */ = {isa = PBXBuildFile; fileRef = 512735B62564B8520002F5E4 /* AppDelegate.swift */; };
		512735B92564B8520002F5E4 /* SceneDelegate.swift in Sources */ = {isa = PBXBuildFile; fileRef = 512735B82564B8520002F5E4 /* SceneDelegate.swift */; };
		512735BB2564B8520002F5E4 /* ViewController.swift in Sources */ = {isa = PBXBuildFile; fileRef = 512735BA2564B8520002F5E4 /* ViewController.swift */; };
		512735BE2564B8520002F5E4 /* Main.storyboard in Resources */ = {isa = PBXBuildFile; fileRef = 512735BC2564B8520002F5E4 /* Main.storyboard */; };
		512735C12564B8520002F5E4 /* TestBVK.xcdatamodeld in Sources */ = {isa = PBXBuildFile; fileRef = 512735BF2564B8520002F5E4 /* TestBVK.xcdatamodeld */; };
		512735C32564B8530002F5E4 /* Assets.xcassets in Resources */ = {isa = PBXBuildFile; fileRef = 512735C22564B8530002F5E4 /* Assets.xcassets */; };
		512735C62564B8530002F5E4 /* LaunchScreen.storyboard in Resources */ = {isa = PBXBuildFile; fileRef = 512735C42564B8530002F5E4 /* LaunchScreen.storyboard */; };
		512735CF2564CC110002F5E4 /* ItemCell.swift in Sources */ = {isa = PBXBuildFile; fileRef = 512735CD2564CC110002F5E4 /* ItemCell.swift */; };
		512735D02564CC110002F5E4 /* ItemCell.xib in Resources */ = {isa = PBXBuildFile; fileRef = 512735CE2564CC110002F5E4 /* ItemCell.xib */; };
/* End PBXBuildFile section */

/* Begin PBXFileReference section */
		512735B32564B8520002F5E4 /* TestBVK.app */ = {isa = PBXFileReference; explicitFileType = wrapper.application; includeInIndex = 0; path = TestBVK.app; sourceTree = BUILT_PRODUCTS_DIR; };
		512735B62564B8520002F5E4 /* AppDelegate.swift */ = {isa = PBXFileReference; lastKnownFileType = sourcecode.swift; path = AppDelegate.swift; sourceTree = "<group>"; };
		512735B82564B8520002F5E4 /* SceneDelegate.swift */ = {isa = PBXFileReference; lastKnownFileType = sourcecode.swift; path = SceneDelegate.swift; sourceTree = "<group>"; };
		512735BA2564B8520002F5E4 /* ViewController.swift */ = {isa = PBXFileReference; lastKnownFileType = sourcecode.swift; path = ViewController.swift; sourceTree = "<group>"; };
		512735BD2564B8520002F5E4 /* Base */ = {isa = PBXFileReference; lastKnownFileType = file.storyboard; name = Base; path = Base.lproj/Main.storyboard; sourceTree = "<group>"; };
		512735C02564B8520002F5E4 /* TestBVK.xcdatamodel */ = {isa = PBXFileReference; lastKnownFileType = wrapper.xcdatamodel; path = TestBVK.xcdatamodel; sourceTree = "<group>"; };
		512735C22564B8530002F5E4 /* Assets.xcassets */ = {isa = PBXFileReference; lastKnownFileType = folder.assetcatalog; path = Assets.xcassets; sourceTree = "<group>"; };
		512735C52564B8530002F5E4 /* Base */ = {isa = PBXFileReference; lastKnownFileType = file.storyboard; name = Base; path = Base.lproj/LaunchScreen.storyboard; sourceTree = "<group>"; };
		512735C72564B8530002F5E4 /* Info.plist */ = {isa = PBXFileReference; lastKnownFileType = text.plist.xml; path = Info.plist; sourceTree = "<group>"; };
		512735CD2564CC110002F5E4 /* ItemCell.swift */ = {isa = PBXFileReference; lastKnownFileType = sourcecode.swift; path = ItemCell.swift; sourceTree = "<group>"; };
		512735CE2564CC110002F5E4 /* ItemCell.xib */ = {isa = PBXFileReference; lastKnownFileType = file.xib; path = ItemCell.xib; sourceTree = "<group>"; };
/* End PBXFileReference section */

/* Begin PBXFrameworksBuildPhase section */
		512735B02564B8520002F5E4 /* Frameworks */ = {
			isa = PBXFrameworksBuildPhase;
			buildActionMask = 2147483647;
			files = (
			);
			runOnlyForDeploymentPostprocessing = 0;
		};
/* End PBXFrameworksBuildPhase section */

/* Begin PBXGroup section */
		512735AA2564B8520002F5E4 = {
			isa = PBXGroup;
			children = (
				512735B52564B8520002F5E4 /* TestBVK */,
				512735B42564B8520002F5E4 /* Products */,
			);
			sourceTree = "<group>";
		};
		512735B42564B8520002F5E4 /* Products */ = {
			isa = PBXGroup;
			children = (
				512735B32564B8520002F5E4 /* TestBVK.app */,
			);
			name = Products;
			sourceTree = "<group>";
		};
		512735B52564B8520002F5E4 /* TestBVK */ = {
			isa = PBXGroup;
			children = (
				512735B62564B8520002F5E4 /* AppDelegate.swift */,
				512735B82564B8520002F5E4 /* SceneDelegate.swift */,
				512735BA2564B8520002F5E4 /* ViewController.swift */,
				512735BC2564B8520002F5E4 /* Main.storyboard */,
				512735CD2564CC110002F5E4 /* ItemCell.swift */,
				512735CE2564CC110002F5E4 /* ItemCell.xib */,
				512735C22564B8530002F5E4 /* Assets.xcassets */,
				512735C42564B8530002F5E4 /* LaunchScreen.storyboard */,
				512735C72564B8530002F5E4 /* Info.plist */,
				512735BF2564B8520002F5E4 /* TestBVK.xcdatamodeld */,
			);
			path = TestBVK;
			sourceTree = "<group>";
		};
/* End PBXGroup section */

/* Begin PBXNativeTarget section */
		512735B22564B8520002F5E4 /* TestBVK */ = {
			isa = PBXNativeTarget;
			buildConfigurationList = 512735CA2564B8530002F5E4 /* Build configuration list for PBXNativeTarget "TestBVK" */;
			buildPhases = (
				512735AF2564B8520002F5E4 /* Sources */,
				512735B02564B8520002F5E4 /* Frameworks */,
				512735B12564B8520002F5E4 /* Resources */,
			);
			buildRules = (
			);
			dependencies = (
			);
			name = TestBVK;
			productName = TestBVK;
			productReference = 512735B32564B8520002F5E4 /* TestBVK.app */;
			productType = "com.apple.product-type.application";
		};
/* End PBXNativeTarget section */

/* Begin PBXProject section */
		512735AB2564B8520002F5E4 /* Project object */ = {
			isa = PBXProject;
			attributes = {
				LastSwiftUpdateCheck = 1160;
				LastUpgradeCheck = 1160;
				ORGANIZATIONNAME = "Nova Arisma";
				TargetAttributes = {
					512735B22564B8520002F5E4 = {
						CreatedOnToolsVersion = 11.6;
					};
				};
			};
			buildConfigurationList = 512735AE2564B8520002F5E4 /* Build configuration list for PBXProject "TestBVK" */;
			compatibilityVersion = "Xcode 9.3";
			developmentRegion = en;
			hasScannedForEncodings = 0;
			knownRegions = (
				en,
				Base,
			);
			mainGroup = 512735AA2564B8520002F5E4;
			productRefGroup = 512735B42564B8520002F5E4 /* Products */;
			projectDirPath = "";
			projectRoot = "";
			targets = (
				512735B22564B8520002F5E4 /* TestBVK */,
			);
		};
/* End PBXProject section */

/* Begin PBXResourcesBuildPhase section */
		512735B12564B8520002F5E4 /* Resources */ = {
			isa = PBXResourcesBuildPhase;
			buildActionMask = 2147483647;
			files = (
				512735D02564CC110002F5E4 /* ItemCell.xib in Resources */,
				512735C62564B8530002F5E4 /* LaunchScreen.storyboard in Resources */,
				512735C32564B8530002F5E4 /* Assets.xcassets in Resources */,
				512735BE2564B8520002F5E4 /* Main.storyboard in Resources */,
			);
			runOnlyForDeploymentPostprocessing = 0;
		};
/* End PBXResourcesBuildPhase section */

/* Begin PBXSourcesBuildPhase section */
		512735AF2564B8520002F5E4 /* Sources */ = {
			isa = PBXSourcesBuildPhase;
			buildActionMask = 2147483647;
			files = (
				512735BB2564B8520002F5E4 /* ViewController.swift in Sources */,
				512735B72564B8520002F5E4 /* AppDelegate.swift in Sources */,
				512735B92564B8520002F5E4 /* SceneDelegate.swift in Sources */,
				512735C12564B8520002F5E4 /* TestBVK.xcdatamodeld in Sources */,
				512735CF2564CC110002F5E4 /* ItemCell.swift in Sources */,
			);
			runOnlyForDeploymentPostprocessing = 0;
		};
/* End PBXSourcesBuildPhase section */

/* Begin PBXVariantGroup section */
		512735BC2564B8520002F5E4 /* Main.storyboard */ = {
			isa = PBXVariantGroup;
			children = (
				512735BD2564B8520002F5E4 /* Base */,
			);
			name = Main.storyboard;
			sourceTree = "<group>";
		};
		512735C42564B8530002F5E4 /* LaunchScreen.storyboard */ = {
			isa = PBXVariantGroup;
			children = (
				512735C52564B8530002F5E4 /* Base */,
			);
			name = LaunchScreen.storyboard;
			sourceTree = "<group>";
		};
/* End PBXVariantGroup section */

/* Begin XCBuildConfiguration section */
		512735C82564B8530002F5E4 /* Debug */ = {
			isa = XCBuildConfiguration;
			buildSettings = {
				ALWAYS_SEARCH_USER_PATHS = NO;
				CLANG_ANALYZER_NONNULL = YES;
				CLANG_ANALYZER_NUMBER_OBJECT_CONVERSION = YES_AGGRESSIVE;
				CLANG_CXX_LANGUAGE_STANDARD = "gnu++14";
				CLANG_CXX_LIBRARY = "libc++";
				CLANG_ENABLE_MODULES = YES;
				CLANG_ENABLE_OBJC_ARC = YES;
				CLANG_ENABLE_OBJC_WEAK = YES;
				CLANG_WARN_BLOCK_CAPTURE_AUTORELEASING = YES;
				CLANG_WARN_BOOL_CONVERSION = YES;
				CLANG_WARN_COMMA = YES;
				CLANG_WARN_CONSTANT_CONVERSION = YES;
				CLANG_WARN_DEPRECATED_OBJC_IMPLEMENTATIONS = YES;
				CLANG_WARN_DIRECT_OBJC_ISA_USAGE = YES_ERROR;
				CLANG_WARN_DOCUMENTATION_COMMENTS = YES;
				CLANG_WARN_EMPTY_BODY = YES;
				CLANG_WARN_ENUM_CONVERSION = YES;
				CLANG_WARN_INFINITE_RECURSION = YES;
				CLANG_WARN_INT_CONVERSION = YES;
				CLANG_WARN_NON_LITERAL_NULL_CONVERSION = YES;
				CLANG_WARN_OBJC_IMPLICIT_RETAIN_SELF = YES;
				CLANG_WARN_OBJC_LITERAL_CONVERSION = YES;
				CLANG_WARN_OBJC_ROOT_CLASS = YES_ERROR;
				CLANG_WARN_RANGE_LOOP_ANALYSIS = YES;
				CLANG_WARN_STRICT_PROTOTYPES = YES;
				CLANG_WARN_SUSPICIOUS_MOVE = YES;
				CLANG_WARN_UNGUARDED_AVAILABILITY = YES_AGGRESSIVE;
				CLANG_WARN_UNREACHABLE_CODE = YES;
				CLANG_WARN__DUPLICATE_METHOD_MATCH = YES;
				COPY_PHASE_STRIP = NO;
				DEBUG_INFORMATION_FORMAT = dwarf;
				ENABLE_STRICT_OBJC_MSGSEND = YES;
				ENABLE_TESTABILITY = YES;
				GCC_C_LANGUAGE_STANDARD = gnu11;
				GCC_DYNAMIC_NO_PIC = NO;
				GCC_NO_COMMON_BLOCKS = YES;
				GCC_OPTIMIZATION_LEVEL = 0;
				GCC_PREPROCESSOR_DEFINITIONS = (
					"DEBUG=1",
					"$(inherited)",
				);
				GCC_WARN_64_TO_32_BIT_CONVERSION = YES;
				GCC_WARN_ABOUT_RETURN_TYPE = YES_ERROR;
				GCC_WARN_UNDECLARED_SELECTOR = YES;
				GCC_WARN_UNINITIALIZED_AUTOS = YES_AGGRESSIVE;
				GCC_WARN_UNUSED_FUNCTION = YES;
				GCC_WARN_UNUSED_VARIABLE = YES;
				IPHONEOS_DEPLOYMENT_TARGET = 13.6;
				MTL_ENABLE_DEBUG_INFO = INCLUDE_SOURCE;
				MTL_FAST_MATH = YES;
				ONLY_ACTIVE_ARCH = YES;
				SDKROOT = iphoneos;
				SWIFT_ACTIVE_COMPILATION_CONDITIONS = DEBUG;
				SWIFT_OPTIMIZATION_LEVEL = "-Onone";
			};
			name = Debug;
		};
		512735C92564B8530002F5E4 /* Release */ = {
			isa = XCBuildConfiguration;
			buildSettings = {
				ALWAYS_SEARCH_USER_PATHS = NO;
				CLANG_ANALYZER_NONNULL = YES;
				CLANG_ANALYZER_NUMBER_OBJECT_CONVERSION = YES_AGGRESSIVE;
				CLANG_CXX_LANGUAGE_STANDARD = "gnu++14";
				CLANG_CXX_LIBRARY = "libc++";
				CLANG_ENABLE_MODULES = YES;
				CLANG_ENABLE_OBJC_ARC = YES;
				CLANG_ENABLE_OBJC_WEAK = YES;
				CLANG_WARN_BLOCK_CAPTURE_AUTORELEASING = YES;
				CLANG_WARN_BOOL_CONVERSION = YES;
				CLANG_WARN_COMMA = YES;
				CLANG_WARN_CONSTANT_CONVERSION = YES;
				CLANG_WARN_DEPRECATED_OBJC_IMPLEMENTATIONS = YES;
				CLANG_WARN_DIRECT_OBJC_ISA_USAGE = YES_ERROR;
				CLANG_WARN_DOCUMENTATION_COMMENTS = YES;
				CLANG_WARN_EMPTY_BODY = YES;
				CLANG_WARN_ENUM_CONVERSION = YES;
				CLANG_WARN_INFINITE_RECURSION = YES;
				CLANG_WARN_INT_CONVERSION = YES;
				CLANG_WARN_NON_LITERAL_NULL_CONVERSION = YES;
				CLANG_WARN_OBJC_IMPLICIT_RETAIN_SELF = YES;
				CLANG_WARN_OBJC_LITERAL_CONVERSION = YES;
				CLANG_WARN_OBJC_ROOT_CLASS = YES_ERROR;
				CLANG_WARN_RANGE_LOOP_ANALYSIS = YES;
				CLANG_WARN_STRICT_PROTOTYPES = YES;
				CLANG_WARN_SUSPICIOUS_MOVE = YES;
				CLANG_WARN_UNGUARDED_AVAILABILITY = YES_AGGRESSIVE;
				CLANG_WARN_UNREACHABLE_CODE = YES;
				CLANG_WARN__DUPLICATE_METHOD_MATCH = YES;
				COPY_PHASE_STRIP = NO;
				DEBUG_INFORMATION_FORMAT = "dwarf-with-dsym";
				ENABLE_NS_ASSERTIONS = NO;
				ENABLE_STRICT_OBJC_MSGSEND = YES;
				GCC_C_LANGUAGE_STANDARD = gnu11;
				GCC_NO_COMMON_BLOCKS = YES;
				GCC_WARN_64_TO_32_BIT_CONVERSION = YES;
				GCC_WARN_ABOUT_RETURN_TYPE = YES_ERROR;
				GCC_WARN_UNDECLARED_SELECTOR = YES;
				GCC_WARN_UNINITIALIZED_AUTOS = YES_AGGRESSIVE;
				GCC_WARN_UNUSED_FUNCTION = YES;
				GCC_WARN_UNUSED_VARIABLE = YES;
				IPHONEOS_DEPLOYMENT_TARGET = 13.6;
				MTL_ENABLE_DEBUG_INFO = NO;
				MTL_FAST_MATH = YES;
				SDKROOT = iphoneos;
				SWIFT_COMPILATION_MODE = wholemodule;
				SWIFT_OPTIMIZATION_LEVEL = "-O";
				VALIDATE_PRODUCT = YES;
			};
			name = Release;
		};
		512735CB2564B8530002F5E4 /* Debug */ = {
			isa = XCBuildConfiguration;
			buildSettings = {
				ASSETCATALOG_COMPILER_APPICON_NAME = AppIcon;
				CODE_SIGN_STYLE = Automatic;
				DEVELOPMENT_TEAM = Y6FVCC3X3F;
				INFOPLIST_FILE = TestBVK/Info.plist;
				LD_RUNPATH_SEARCH_PATHS = (
					"$(inherited)",
					"@executable_path/Frameworks",
				);
				PRODUCT_BUNDLE_IDENTIFIER = Tester.TestBVK;
				PRODUCT_NAME = "$(TARGET_NAME)";
				SWIFT_VERSION = 5.0;
				TARGETED_DEVICE_FAMILY = "1,2";
			};
			name = Debug;
		};
		512735CC2564B8530002F5E4 /* Release */ = {
			isa = XCBuildConfiguration;
			buildSettings = {
				ASSETCATALOG_COMPILER_APPICON_NAME = AppIcon;
				CODE_SIGN_STYLE = Automatic;
				DEVELOPMENT_TEAM = Y6FVCC3X3F;
				INFOPLIST_FILE = TestBVK/Info.plist;
				LD_RUNPATH_SEARCH_PATHS = (
					"$(inherited)",
					"@executable_path/Frameworks",
				);
				PRODUCT_BUNDLE_IDENTIFIER = Tester.TestBVK;
				PRODUCT_NAME = "$(TARGET_NAME)";
				SWIFT_VERSION = 5.0;
				TARGETED_DEVICE_FAMILY = "1,2";
			};
			name = Release;
		};
/* End XCBuildConfiguration section */

/* Begin XCConfigurationList section */
		512735AE2564B8520002F5E4 /* Build configuration list for PBXProject "TestBVK" */ = {
			isa = XCConfigurationList;
			buildConfigurations = (
				512735C82564B8530002F5E4 /* Debug */,
				512735C92564B8530002F5E4 /* Release */,
			);
			defaultConfigurationIsVisible = 0;
			defaultConfigurationName = Release;
		};
		512735CA2564B8530002F5E4 /* Build configuration list for PBXNativeTarget "TestBVK" */ = {
			isa = XCConfigurationList;
			buildConfigurations = (
				512735CB2564B8530002F5E4 /* Debug */,
				512735CC2564B8530002F5E4 /* Release */,
			);
			defaultConfigurationIsVisible = 0;
			defaultConfigurationName = Release;
		};
/* End XCConfigurationList section */

/* Begin XCVersionGroup section */
		512735BF2564B8520002F5E4 /* TestBVK.xcdatamodeld */ = {
			isa = XCVersionGroup;
			children = (
				512735C02564B8520002F5E4 /* TestBVK.xcdatamodel */,
			);
			currentVersion = 512735C02564B8520002F5E4 /* TestBVK.xcdatamodel */;
			path = TestBVK.xcdatamodeld;
			sourceTree = "<group>";
			versionGroupType = wrapper.xcdatamodel;
		};
/* End XCVersionGroup section */
	};
	rootObject = 512735AB2564B8520002F5E4 /* Project object */;
}
